
Microsoft Visual Studio Solution File, Format Version 12.00
# Visual Studio Version 17
VisualStudioVersion = 17.2.32505.173
MinimumVisualStudioVersion = 10.0.40219.1
Project("{8BC9CEB8-8B4A-11D0-8D11-00A0C91BC942}") = "P1000", "P1000\P1000.vcxproj", "{EDFEE2C4-E5E4-4CC6-A495-613A77305191}"
EndProject
Project("{8BC9CEB8-8B4A-11D0-8D11-00A0C91BC942}") = "P1001", "P1001\P1001.vcxproj", "{1614285A-A16E-4D3D-8464-952BA3319862}"
EndProject
Project("{8BC9CEB8-8B4A-11D0-8D11-00A0C91BC942}") = "P1008", "P1008\P1008.vcxproj", "{16D9C7A6-B999-469E-B03A-788E482716C9}"
EndProject
Project("{8BC9CEB8-8B4A-11D0-8D11-00A0C91BC942}") = "P1009", "P1009\P1009.vcxproj", "{3D91C140-B25F-48D0-8B5D-263A403E302A}"
EndProject
Project("{8BC9CEB8-8B4A-11D0-8D11-00A0C91BC942}") = "P1035", "P1035\P1035.vcxproj", "{493CC761-7EF5-499F-878B-58B5328F9E05}"
EndProject
Project("{8BC9CEB8-8B4A-11D0-8D11-00A0C91BC942}") = "P7909", "P7909\P7909.vcxproj", "{83F588B1-32D3-421B-8297-ECF5AF35A3C1}"
EndProject
Project("{8BC9CEB8-8B4A-11D0-8D11-00A0C91BC942}") = "P5707", "P5707\P5707.vcxproj", "{7C877F02-4D03-4A83-B432-8EEF25B0AD2D}"
EndProject
Project("{8BC9CEB8-8B4A-11D0-8D11-00A0C91BC942}") = "B2002", "B2002\B2002.vcxproj", "{76615D3F-E8A3-433D-B0D5-25516041E8FB}"
EndProject
Project("{8BC9CEB8-8B4A-11D0-8D11-00A0C91BC942}") = "B2025", "B2025\B2025.vcxproj", "{8C913104-C1C9-40D3-A2B8-1BA5F9B1AD78}"
EndProject
Project("{8BC9CEB8-8B4A-11D0-8D11-00A0C91BC942}") = "B2005", "B2005\B2005.vcxproj", "{33E9F0B9-0782-4110-B773-060F828FB86A}"
EndProject
Project("{8BC9CEB8-8B4A-11D0-8D11-00A0C91BC942}") = "P5703", "P5703\P5703.vcxproj", "{0869D5E5-DDC1-40A8-B0ED-46221F5F8309}"
EndProject
Project("{8BC9CEB8-8B4A-11D0-8D11-00A0C91BC942}") = "P3954", "P3954\P3954.vcxproj", "{35555B41-D4F2-40D9-ABB1-660590F56FFC}"
EndProject
Project("{8BC9CEB8-8B4A-11D0-8D11-00A0C91BC942}") = "P5705", "P5705\P5705.vcxproj", "{AA663C94-DD61-4852-A833-16F9FCEFB397}"
EndProject
Project("{8BC9CEB8-8B4A-11D0-8D11-00A0C91BC942}") = "P5708", "P5708\P5708.vcxproj", "{E3C7EEDE-E4AF-4E02-A943-B0DD72390B4A}"
EndProject
Project("{8BC9CEB8-8B4A-11D0-8D11-00A0C91BC942}") = "P5706", "P5706\P5706.vcxproj", "{597A3979-DA30-4D3A-BBD6-9BFB93183733}"
EndProject
Project("{8BC9CEB8-8B4A-11D0-8D11-00A0C91BC942}") = "B2029", "B2029\B2029.vcxproj", "{64AB94C0-3429-495E-8BB2-773A5D70BA3F}"
EndProject
Project("{8BC9CEB8-8B4A-11D0-8D11-00A0C91BC942}") = "P1425", "P1425\P1425.vcxproj", "{623EC471-2AD8-43D2-BD59-F3CE016D2132}"
EndProject
Project("{8BC9CEB8-8B4A-11D0-8D11-00A0C91BC942}") = "P1421", "P1421\P1421.vcxproj", "{F8320613-0DEC-4ABB-A24F-5628C1A35EB9}"
EndProject
Project("{8BC9CEB8-8B4A-11D0-8D11-00A0C91BC942}") = "P2433", "P2433\P2433.vcxproj", "{C9A11935-064D-4961-8480-C985762F8BD5}"
EndProject
Project("{2150E333-8FDC-42A3-9474-1A3956D46DE8}") = "Solution Items", "Solution Items", "{AF38BA9D-4A6B-4967-BDCC-1E7FB015E25F}"
	ProjectSection(SolutionItems) = preProject
		AC_Count.txt = AC_Count.txt
		Bug_Lssues.txt = Bug_Lssues.txt
	EndProjectSection
EndProject
Project("{8BC9CEB8-8B4A-11D0-8D11-00A0C91BC942}") = "P5709", "P5709\P5709.vcxproj", "{F7916333-DBFC-4F69-9599-A7A023069A08}"
EndProject
Project("{8BC9CEB8-8B4A-11D0-8D11-00A0C91BC942}") = "P5710", "P5710\P5710.vcxproj", "{AFECC548-9042-4F2C-8C3A-7B1ABB06454F}"
EndProject
Project("{8BC9CEB8-8B4A-11D0-8D11-00A0C91BC942}") = "P5711", "P5711\P5711.vcxproj", "{BBEC739F-35FB-4796-B3E3-2E0969DC23BE}"
EndProject
Project("{8BC9CEB8-8B4A-11D0-8D11-00A0C91BC942}") = "P5712", "P5712\P5712.vcxproj", "{C79D46B8-B701-4BE1-A6E8-134EB595E5B4}"
EndProject
Project("{8BC9CEB8-8B4A-11D0-8D11-00A0C91BC942}") = "P5713", "P5713\P5713.vcxproj", "{E8EA77DF-2824-45C1-8F9E-91BD78880765}"
EndProject
Project("{8BC9CEB8-8B4A-11D0-8D11-00A0C91BC942}") = "P5714", "P5714\P5714.vcxproj", "{CFDD45F4-1864-4BF5-B6DD-9AD6A1D94CFF}"
EndProject
Project("{8BC9CEB8-8B4A-11D0-8D11-00A0C91BC942}") = "P5715", "P5715\P5715.vcxproj", "{90638B9B-0084-474A-97DD-11F0B113C653}"
EndProject
Project("{8BC9CEB8-8B4A-11D0-8D11-00A0C91BC942}") = "P5716", "P5716\P5716.vcxproj", "{D7FBF144-9A7D-4698-9FB7-89758AB7C0C9}"
EndProject
Project("{8BC9CEB8-8B4A-11D0-8D11-00A0C91BC942}") = "P1085", "P1085\P1085.vcxproj", "{A9DE427A-415C-478F-A3B2-D008CBA6A490}"
EndProject
Project("{8BC9CEB8-8B4A-11D0-8D11-00A0C91BC942}") = "P1909", "P1909\P1909.vcxproj", "{6AF56941-A001-4FA8-810D-588CCB542AFA}"
EndProject
Project("{8BC9CEB8-8B4A-11D0-8D11-00A0C91BC942}") = "P5717", "P5717\P5717.vcxproj", "{DC1A14E7-D278-429D-ACE9-980EF2693C7F}"
EndProject
Project("{8BC9CEB8-8B4A-11D0-8D11-00A0C91BC942}") = "P1422", "P1422\P1422.vcxproj", "{69EFAB18-193F-4AD0-8900-ACD844CAADC9}"
EndProject
Project("{8BC9CEB8-8B4A-11D0-8D11-00A0C91BC942}") = "P1424", "P1424\P1424.vcxproj", "{90D50019-EC0A-4556-9F4D-D22F00FE77D3}"
EndProject
Project("{8BC9CEB8-8B4A-11D0-8D11-00A0C91BC942}") = "P4414", "P4414\P4414.vcxproj", "{D71593C0-7093-4F06-A6F1-EB4602C098BE}"
EndProject
Global
	GlobalSection(SolutionConfigurationPlatforms) = preSolution
		Debug|x64 = Debug|x64
		Debug|x86 = Debug|x86
		Release|x64 = Release|x64
		Release|x86 = Release|x86
	EndGlobalSection
	GlobalSection(ProjectConfigurationPlatforms) = postSolution
		{EDFEE2C4-E5E4-4CC6-A495-613A77305191}.Debug|x64.ActiveCfg = Debug|x64
		{EDFEE2C4-E5E4-4CC6-A495-613A77305191}.Debug|x64.Build.0 = Debug|x64
		{EDFEE2C4-E5E4-4CC6-A495-613A77305191}.Debug|x86.ActiveCfg = Debug|Win32
		{EDFEE2C4-E5E4-4CC6-A495-613A77305191}.Debug|x86.Build.0 = Debug|Win32
		{EDFEE2C4-E5E4-4CC6-A495-613A77305191}.Release|x64.ActiveCfg = Release|x64
		{EDFEE2C4-E5E4-4CC6-A495-613A77305191}.Release|x64.Build.0 = Release|x64
		{EDFEE2C4-E5E4-4CC6-A495-613A77305191}.Release|x86.ActiveCfg = Release|Win32
		{EDFEE2C4-E5E4-4CC6-A495-613A77305191}.Release|x86.Build.0 = Release|Win32
		{1614285A-A16E-4D3D-8464-952BA3319862}.Debug|x64.ActiveCfg = Debug|x64
		{1614285A-A16E-4D3D-8464-952BA3319862}.Debug|x64.Build.0 = Debug|x64
		{1614285A-A16E-4D3D-8464-952BA3319862}.Debug|x86.ActiveCfg = Debug|Win32
		{1614285A-A16E-4D3D-8464-952BA3319862}.Debug|x86.Build.0 = Debug|Win32
		{1614285A-A16E-4D3D-8464-952BA3319862}.Release|x64.ActiveCfg = Release|x64
		{1614285A-A16E-4D3D-8464-952BA3319862}.Release|x64.Build.0 = Release|x64
		{1614285A-A16E-4D3D-8464-952BA3319862}.Release|x86.ActiveCfg = Release|Win32
		{1614285A-A16E-4D3D-8464-952BA3319862}.Release|x86.Build.0 = Release|Win32
		{16D9C7A6-B999-469E-B03A-788E482716C9}.Debug|x64.ActiveCfg = Debug|x64
		{16D9C7A6-B999-469E-B03A-788E482716C9}.Debug|x64.Build.0 = Debug|x64
		{16D9C7A6-B999-469E-B03A-788E482716C9}.Debug|x86.ActiveCfg = Debug|Win32
		{16D9C7A6-B999-469E-B03A-788E482716C9}.Debug|x86.Build.0 = Debug|Win32
		{16D9C7A6-B999-469E-B03A-788E482716C9}.Release|x64.ActiveCfg = Release|x64
		{16D9C7A6-B999-469E-B03A-788E482716C9}.Release|x64.Build.0 = Release|x64
		{16D9C7A6-B999-469E-B03A-788E482716C9}.Release|x86.ActiveCfg = Release|Win32
		{16D9C7A6-B999-469E-B03A-788E482716C9}.Release|x86.Build.0 = Release|Win32
		{3D91C140-B25F-48D0-8B5D-263A403E302A}.Debug|x64.ActiveCfg = Debug|x64
		{3D91C140-B25F-48D0-8B5D-263A403E302A}.Debug|x64.Build.0 = Debug|x64
		{3D91C140-B25F-48D0-8B5D-263A403E302A}.Debug|x86.ActiveCfg = Debug|Win32
		{3D91C140-B25F-48D0-8B5D-263A403E302A}.Debug|x86.Build.0 = Debug|Win32
		{3D91C140-B25F-48D0-8B5D-263A403E302A}.Release|x64.ActiveCfg = Release|x64
		{3D91C140-B25F-48D0-8B5D-263A403E302A}.Release|x64.Build.0 = Release|x64
		{3D91C140-B25F-48D0-8B5D-263A403E302A}.Release|x86.ActiveCfg = Release|Win32
		{3D91C140-B25F-48D0-8B5D-263A403E302A}.Release|x86.Build.0 = Release|Win32
		{493CC761-7EF5-499F-878B-58B5328F9E05}.Debug|x64.ActiveCfg = Debug|x64
		{493CC761-7EF5-499F-878B-58B5328F9E05}.Debug|x64.Build.0 = Debug|x64
		{493CC761-7EF5-499F-878B-58B5328F9E05}.Debug|x86.ActiveCfg = Debug|Win32
		{493CC761-7EF5-499F-878B-58B5328F9E05}.Debug|x86.Build.0 = Debug|Win32
		{493CC761-7EF5-499F-878B-58B5328F9E05}.Release|x64.ActiveCfg = Release|x64
		{493CC761-7EF5-499F-878B-58B5328F9E05}.Release|x64.Build.0 = Release|x64
		{493CC761-7EF5-499F-878B-58B5328F9E05}.Release|x86.ActiveCfg = Release|Win32
		{493CC761-7EF5-499F-878B-58B5328F9E05}.Release|x86.Build.0 = Release|Win32
		{83F588B1-32D3-421B-8297-ECF5AF35A3C1}.Debug|x64.ActiveCfg = Debug|x64
		{83F588B1-32D3-421B-8297-ECF5AF35A3C1}.Debug|x64.Build.0 = Debug|x64
		{83F588B1-32D3-421B-8297-ECF5AF35A3C1}.Debug|x86.ActiveCfg = Debug|Win32
		{83F588B1-32D3-421B-8297-ECF5AF35A3C1}.Debug|x86.Build.0 = Debug|Win32
		{83F588B1-32D3-421B-8297-ECF5AF35A3C1}.Release|x64.ActiveCfg = Release|x64
		{83F588B1-32D3-421B-8297-ECF5AF35A3C1}.Release|x64.Build.0 = Release|x64
		{83F588B1-32D3-421B-8297-ECF5AF35A3C1}.Release|x86.ActiveCfg = Release|Win32
		{83F588B1-32D3-421B-8297-ECF5AF35A3C1}.Release|x86.Build.0 = Release|Win32
		{7C877F02-4D03-4A83-B432-8EEF25B0AD2D}.Debug|x64.ActiveCfg = Debug|x64
		{7C877F02-4D03-4A83-B432-8EEF25B0AD2D}.Debug|x64.Build.0 = Debug|x64
		{7C877F02-4D03-4A83-B432-8EEF25B0AD2D}.Debug|x86.ActiveCfg = Debug|Win32
		{7C877F02-4D03-4A83-B432-8EEF25B0AD2D}.Debug|x86.Build.0 = Debug|Win32
		{7C877F02-4D03-4A83-B432-8EEF25B0AD2D}.Release|x64.ActiveCfg = Release|x64
		{7C877F02-4D03-4A83-B432-8EEF25B0AD2D}.Release|x64.Build.0 = Release|x64
		{7C877F02-4D03-4A83-B432-8EEF25B0AD2D}.Release|x86.ActiveCfg = Release|Win32
		{7C877F02-4D03-4A83-B432-8EEF25B0AD2D}.Release|x86.Build.0 = Release|Win32
		{76615D3F-E8A3-433D-B0D5-25516041E8FB}.Debug|x64.ActiveCfg = Debug|x64
		{76615D3F-E8A3-433D-B0D5-25516041E8FB}.Debug|x64.Build.0 = Debug|x64
		{76615D3F-E8A3-433D-B0D5-25516041E8FB}.Debug|x86.ActiveCfg = Debug|Win32
		{76615D3F-E8A3-433D-B0D5-25516041E8FB}.Debug|x86.Build.0 = Debug|Win32
		{76615D3F-E8A3-433D-B0D5-25516041E8FB}.Release|x64.ActiveCfg = Release|x64
		{76615D3F-E8A3-433D-B0D5-25516041E8FB}.Release|x64.Build.0 = Release|x64
		{76615D3F-E8A3-433D-B0D5-25516041E8FB}.Release|x86.ActiveCfg = Release|Win32
		{76615D3F-E8A3-433D-B0D5-25516041E8FB}.Release|x86.Build.0 = Release|Win32
		{8C913104-C1C9-40D3-A2B8-1BA5F9B1AD78}.Debug|x64.ActiveCfg = Debug|x64
		{8C913104-C1C9-40D3-A2B8-1BA5F9B1AD78}.Debug|x64.Build.0 = Debug|x64
		{8C913104-C1C9-40D3-A2B8-1BA5F9B1AD78}.Debug|x86.ActiveCfg = Debug|Win32
		{8C913104-C1C9-40D3-A2B8-1BA5F9B1AD78}.Debug|x86.Build.0 = Debug|Win32
		{8C913104-C1C9-40D3-A2B8-1BA5F9B1AD78}.Release|x64.ActiveCfg = Release|x64
		{8C913104-C1C9-40D3-A2B8-1BA5F9B1AD78}.Release|x64.Build.0 = Release|x64
		{8C913104-C1C9-40D3-A2B8-1BA5F9B1AD78}.Release|x86.ActiveCfg = Release|Win32
		{8C913104-C1C9-40D3-A2B8-1BA5F9B1AD78}.Release|x86.Build.0 = Release|Win32
		{33E9F0B9-0782-4110-B773-060F828FB86A}.Debug|x64.ActiveCfg = Debug|x64
		{33E9F0B9-0782-4110-B773-060F828FB86A}.Debug|x64.Build.0 = Debug|x64
		{33E9F0B9-0782-4110-B773-060F828FB86A}.Debug|x86.ActiveCfg = Debug|Win32
		{33E9F0B9-0782-4110-B773-060F828FB86A}.Debug|x86.Build.0 = Debug|Win32
		{33E9F0B9-0782-4110-B773-060F828FB86A}.Release|x64.ActiveCfg = Release|x64
		{33E9F0B9-0782-4110-B773-060F828FB86A}.Release|x64.Build.0 = Release|x64
		{33E9F0B9-0782-4110-B773-060F828FB86A}.Release|x86.ActiveCfg = Release|Win32
		{33E9F0B9-0782-4110-B773-060F828FB86A}.Release|x86.Build.0 = Release|Win32
		{0869D5E5-DDC1-40A8-B0ED-46221F5F8309}.Debug|x64.ActiveCfg = Debug|x64
		{0869D5E5-DDC1-40A8-B0ED-46221F5F8309}.Debug|x64.Build.0 = Debug|x64
		{0869D5E5-DDC1-40A8-B0ED-46221F5F8309}.Debug|x86.ActiveCfg = Debug|Win32
		{0869D5E5-DDC1-40A8-B0ED-46221F5F8309}.Debug|x86.Build.0 = Debug|Win32
		{0869D5E5-DDC1-40A8-B0ED-46221F5F8309}.Release|x64.ActiveCfg = Release|x64
		{0869D5E5-DDC1-40A8-B0ED-46221F5F8309}.Release|x64.Build.0 = Release|x64
		{0869D5E5-DDC1-40A8-B0ED-46221F5F8309}.Release|x86.ActiveCfg = Release|Win32
		{0869D5E5-DDC1-40A8-B0ED-46221F5F8309}.Release|x86.Build.0 = Release|Win32
		{35555B41-D4F2-40D9-ABB1-660590F56FFC}.Debug|x64.ActiveCfg = Debug|x64
		{35555B41-D4F2-40D9-ABB1-660590F56FFC}.Debug|x64.Build.0 = Debug|x64
		{35555B41-D4F2-40D9-ABB1-660590F56FFC}.Debug|x86.ActiveCfg = Debug|Win32
		{35555B41-D4F2-40D9-ABB1-660590F56FFC}.Debug|x86.Build.0 = Debug|Win32
		{35555B41-D4F2-40D9-ABB1-660590F56FFC}.Release|x64.ActiveCfg = Release|x64
		{35555B41-D4F2-40D9-ABB1-660590F56FFC}.Release|x64.Build.0 = Release|x64
		{35555B41-D4F2-40D9-ABB1-660590F56FFC}.Release|x86.ActiveCfg = Release|Win32
		{35555B41-D4F2-40D9-ABB1-660590F56FFC}.Release|x86.Build.0 = Release|Win32
		{AA663C94-DD61-4852-A833-16F9FCEFB397}.Debug|x64.ActiveCfg = Debug|x64
		{AA663C94-DD61-4852-A833-16F9FCEFB397}.Debug|x64.Build.0 = Debug|x64
		{AA663C94-DD61-4852-A833-16F9FCEFB397}.Debug|x86.ActiveCfg = Debug|Win32
		{AA663C94-DD61-4852-A833-16F9FCEFB397}.Debug|x86.Build.0 = Debug|Win32
		{AA663C94-DD61-4852-A833-16F9FCEFB397}.Release|x64.ActiveCfg = Release|x64
		{AA663C94-DD61-4852-A833-16F9FCEFB397}.Release|x64.Build.0 = Release|x64
		{AA663C94-DD61-4852-A833-16F9FCEFB397}.Release|x86.ActiveCfg = Release|Win32
		{AA663C94-DD61-4852-A833-16F9FCEFB397}.Release|x86.Build.0 = Release|Win32
		{E3C7EEDE-E4AF-4E02-A943-B0DD72390B4A}.Debug|x64.ActiveCfg = Debug|x64
		{E3C7EEDE-E4AF-4E02-A943-B0DD72390B4A}.Debug|x64.Build.0 = Debug|x64
		{E3C7EEDE-E4AF-4E02-A943-B0DD72390B4A}.Debug|x86.ActiveCfg = Debug|Win32
		{E3C7EEDE-E4AF-4E02-A943-B0DD72390B4A}.Debug|x86.Build.0 = Debug|Win32
		{E3C7EEDE-E4AF-4E02-A943-B0DD72390B4A}.Release|x64.ActiveCfg = Release|x64
		{E3C7EEDE-E4AF-4E02-A943-B0DD72390B4A}.Release|x64.Build.0 = Release|x64
		{E3C7EEDE-E4AF-4E02-A943-B0DD72390B4A}.Release|x86.ActiveCfg = Release|Win32
		{E3C7EEDE-E4AF-4E02-A943-B0DD72390B4A}.Release|x86.Build.0 = Release|Win32
		{597A3979-DA30-4D3A-BBD6-9BFB93183733}.Debug|x64.ActiveCfg = Debug|x64
		{597A3979-DA30-4D3A-BBD6-9BFB93183733}.Debug|x64.Build.0 = Debug|x64
		{597A3979-DA30-4D3A-BBD6-9BFB93183733}.Debug|x86.ActiveCfg = Debug|Win32
		{597A3979-DA30-4D3A-BBD6-9BFB93183733}.Debug|x86.Build.0 = Debug|Win32
		{597A3979-DA30-4D3A-BBD6-9BFB93183733}.Release|x64.ActiveCfg = Release|x64
		{597A3979-DA30-4D3A-BBD6-9BFB93183733}.Release|x64.Build.0 = Release|x64
		{597A3979-DA30-4D3A-BBD6-9BFB93183733}.Release|x86.ActiveCfg = Release|Win32
		{597A3979-DA30-4D3A-BBD6-9BFB93183733}.Release|x86.Build.0 = Release|Win32
		{64AB94C0-3429-495E-8BB2-773A5D70BA3F}.Debug|x64.ActiveCfg = Debug|x64
		{64AB94C0-3429-495E-8BB2-773A5D70BA3F}.Debug|x64.Build.0 = Debug|x64
		{64AB94C0-3429-495E-8BB2-773A5D70BA3F}.Debug|x86.ActiveCfg = Debug|Win32
		{64AB94C0-3429-495E-8BB2-773A5D70BA3F}.Debug|x86.Build.0 = Debug|Win32
		{64AB94C0-3429-495E-8BB2-773A5D70BA3F}.Release|x64.ActiveCfg = Release|x64
		{64AB94C0-3429-495E-8BB2-773A5D70BA3F}.Release|x64.Build.0 = Release|x64
		{64AB94C0-3429-495E-8BB2-773A5D70BA3F}.Release|x86.ActiveCfg = Release|Win32
		{64AB94C0-3429-495E-8BB2-773A5D70BA3F}.Release|x86.Build.0 = Release|Win32
		{623EC471-2AD8-43D2-BD59-F3CE016D2132}.Debug|x64.ActiveCfg = Debug|x64
		{623EC471-2AD8-43D2-BD59-F3CE016D2132}.Debug|x64.Build.0 = Debug|x64
		{623EC471-2AD8-43D2-BD59-F3CE016D2132}.Debug|x86.ActiveCfg = Debug|Win32
		{623EC471-2AD8-43D2-BD59-F3CE016D2132}.Debug|x86.Build.0 = Debug|Win32
		{623EC471-2AD8-43D2-BD59-F3CE016D2132}.Release|x64.ActiveCfg = Release|x64
		{623EC471-2AD8-43D2-BD59-F3CE016D2132}.Release|x64.Build.0 = Release|x64
		{623EC471-2AD8-43D2-BD59-F3CE016D2132}.Release|x86.ActiveCfg = Release|Win32
		{623EC471-2AD8-43D2-BD59-F3CE016D2132}.Release|x86.Build.0 = Release|Win32
		{F8320613-0DEC-4ABB-A24F-5628C1A35EB9}.Debug|x64.ActiveCfg = Debug|x64
		{F8320613-0DEC-4ABB-A24F-5628C1A35EB9}.Debug|x64.Build.0 = Debug|x64
		{F8320613-0DEC-4ABB-A24F-5628C1A35EB9}.Debug|x86.ActiveCfg = Debug|Win32
		{F8320613-0DEC-4ABB-A24F-5628C1A35EB9}.Debug|x86.Build.0 = Debug|Win32
		{F8320613-0DEC-4ABB-A24F-5628C1A35EB9}.Release|x64.ActiveCfg = Release|x64
		{F8320613-0DEC-4ABB-A24F-5628C1A35EB9}.Release|x64.Build.0 = Release|x64
		{F8320613-0DEC-4ABB-A24F-5628C1A35EB9}.Release|x86.ActiveCfg = Release|Win32
		{F8320613-0DEC-4ABB-A24F-5628C1A35EB9}.Release|x86.Build.0 = Release|Win32
		{C9A11935-064D-4961-8480-C985762F8BD5}.Debug|x64.ActiveCfg = Debug|x64
		{C9A11935-064D-4961-8480-C985762F8BD5}.Debug|x64.Build.0 = Debug|x64
		{C9A11935-064D-4961-8480-C985762F8BD5}.Debug|x86.ActiveCfg = Debug|Win32
		{C9A11935-064D-4961-8480-C985762F8BD5}.Debug|x86.Build.0 = Debug|Win32
		{C9A11935-064D-4961-8480-C985762F8BD5}.Release|x64.ActiveCfg = Release|x64
		{C9A11935-064D-4961-8480-C985762F8BD5}.Release|x64.Build.0 = Release|x64
		{C9A11935-064D-4961-8480-C985762F8BD5}.Release|x86.ActiveCfg = Release|Win32
		{C9A11935-064D-4961-8480-C985762F8BD5}.Release|x86.Build.0 = Release|Win32
		{F7916333-DBFC-4F69-9599-A7A023069A08}.Debug|x64.ActiveCfg = Debug|x64
		{F7916333-DBFC-4F69-9599-A7A023069A08}.Debug|x64.Build.0 = Debug|x64
		{F7916333-DBFC-4F69-9599-A7A023069A08}.Debug|x86.ActiveCfg = Debug|Win32
		{F7916333-DBFC-4F69-9599-A7A023069A08}.Debug|x86.Build.0 = Debug|Win32
		{F7916333-DBFC-4F69-9599-A7A023069A08}.Release|x64.ActiveCfg = Release|x64
		{F7916333-DBFC-4F69-9599-A7A023069A08}.Release|x64.Build.0 = Release|x64
		{F7916333-DBFC-4F69-9599-A7A023069A08}.Release|x86.ActiveCfg = Release|Win32
		{F7916333-DBFC-4F69-9599-A7A023069A08}.Release|x86.Build.0 = Release|Win32
		{AFECC548-9042-4F2C-8C3A-7B1ABB06454F}.Debug|x64.ActiveCfg = Debug|x64
		{AFECC548-9042-4F2C-8C3A-7B1ABB06454F}.Debug|x64.Build.0 = Debug|x64
		{AFECC548-9042-4F2C-8C3A-7B1ABB06454F}.Debug|x86.ActiveCfg = Debug|Win32
		{AFECC548-9042-4F2C-8C3A-7B1ABB06454F}.Debug|x86.Build.0 = Debug|Win32
		{AFECC548-9042-4F2C-8C3A-7B1ABB06454F}.Release|x64.ActiveCfg = Release|x64
		{AFECC548-9042-4F2C-8C3A-7B1ABB06454F}.Release|x64.Build.0 = Release|x64
		{AFECC548-9042-4F2C-8C3A-7B1ABB06454F}.Release|x86.ActiveCfg = Release|Win32
		{AFECC548-9042-4F2C-8C3A-7B1ABB06454F}.Release|x86.Build.0 = Release|Win32
		{BBEC739F-35FB-4796-B3E3-2E0969DC23BE}.Debug|x64.ActiveCfg = Debug|x64
		{BBEC739F-35FB-4796-B3E3-2E0969DC23BE}.Debug|x64.Build.0 = Debug|x64
		{BBEC739F-35FB-4796-B3E3-2E0969DC23BE}.Debug|x86.ActiveCfg = Debug|Win32
		{BBEC739F-35FB-4796-B3E3-2E0969DC23BE}.Debug|x86.Build.0 = Debug|Win32
		{BBEC739F-35FB-4796-B3E3-2E0969DC23BE}.Release|x64.ActiveCfg = Release|x64
		{BBEC739F-35FB-4796-B3E3-2E0969DC23BE}.Release|x64.Build.0 = Release|x64
		{BBEC739F-35FB-4796-B3E3-2E0969DC23BE}.Release|x86.ActiveCfg = Release|Win32
		{BBEC739F-35FB-4796-B3E3-2E0969DC23BE}.Release|x86.Build.0 = Release|Win32
		{C79D46B8-B701-4BE1-A6E8-134EB595E5B4}.Debug|x64.ActiveCfg = Debug|x64
		{C79D46B8-B701-4BE1-A6E8-134EB595E5B4}.Debug|x64.Build.0 = Debug|x64
		{C79D46B8-B701-4BE1-A6E8-134EB595E5B4}.Debug|x86.ActiveCfg = Debug|Win32
		{C79D46B8-B701-4BE1-A6E8-134EB595E5B4}.Debug|x86.Build.0 = Debug|Win32
		{C79D46B8-B701-4BE1-A6E8-134EB595E5B4}.Release|x64.ActiveCfg = Release|x64
		{C79D46B8-B701-4BE1-A6E8-134EB595E5B4}.Release|x64.Build.0 = Release|x64
		{C79D46B8-B701-4BE1-A6E8-134EB595E5B4}.Release|x86.ActiveCfg = Release|Win32
		{C79D46B8-B701-4BE1-A6E8-134EB595E5B4}.Release|x86.Build.0 = Release|Win32
		{E8EA77DF-2824-45C1-8F9E-91BD78880765}.Debug|x64.ActiveCfg = Debug|x64
		{E8EA77DF-2824-45C1-8F9E-91BD78880765}.Debug|x64.Build.0 = Debug|x64
		{E8EA77DF-2824-45C1-8F9E-91BD78880765}.Debug|x86.ActiveCfg = Debug|Win32
		{E8EA77DF-2824-45C1-8F9E-91BD78880765}.Debug|x86.Build.0 = Debug|Win32
		{E8EA77DF-2824-45C1-8F9E-91BD78880765}.Release|x64.ActiveCfg = Release|x64
		{E8EA77DF-2824-45C1-8F9E-91BD78880765}.Release|x64.Build.0 = Release|x64
		{E8EA77DF-2824-45C1-8F9E-91BD78880765}.Release|x86.ActiveCfg = Release|Win32
		{E8EA77DF-2824-45C1-8F9E-91BD78880765}.Release|x86.Build.0 = Release|Win32
		{CFDD45F4-1864-4BF5-B6DD-9AD6A1D94CFF}.Debug|x64.ActiveCfg = Debug|x64
		{CFDD45F4-1864-4BF5-B6DD-9AD6A1D94CFF}.Debug|x64.Build.0 = Debug|x64
		{CFDD45F4-1864-4BF5-B6DD-9AD6A1D94CFF}.Debug|x86.ActiveCfg = Debug|Win32
		{CFDD45F4-1864-4BF5-B6DD-9AD6A1D94CFF}.Debug|x86.Build.0 = Debug|Win32
		{CFDD45F4-1864-4BF5-B6DD-9AD6A1D94CFF}.Release|x64.ActiveCfg = Release|x64
		{CFDD45F4-1864-4BF5-B6DD-9AD6A1D94CFF}.Release|x64.Build.0 = Release|x64
		{CFDD45F4-1864-4BF5-B6DD-9AD6A1D94CFF}.Release|x86.ActiveCfg = Release|Win32
		{CFDD45F4-1864-4BF5-B6DD-9AD6A1D94CFF}.Release|x86.Build.0 = Release|Win32
		{90638B9B-0084-474A-97DD-11F0B113C653}.Debug|x64.ActiveCfg = Debug|x64
		{90638B9B-0084-474A-97DD-11F0B113C653}.Debug|x64.Build.0 = Debug|x64
		{90638B9B-0084-474A-97DD-11F0B113C653}.Debug|x86.ActiveCfg = Debug|Win32
		{90638B9B-0084-474A-97DD-11F0B113C653}.Debug|x86.Build.0 = Debug|Win32
		{90638B9B-0084-474A-97DD-11F0B113C653}.Release|x64.ActiveCfg = Release|x64
		{90638B9B-0084-474A-97DD-11F0B113C653}.Release|x64.Build.0 = Release|x64
		{90638B9B-0084-474A-97DD-11F0B113C653}.Release|x86.ActiveCfg = Release|Win32
		{90638B9B-0084-474A-97DD-11F0B113C653}.Release|x86.Build.0 = Release|Win32
		{D7FBF144-9A7D-4698-9FB7-89758AB7C0C9}.Debug|x64.ActiveCfg = Debug|x64
		{D7FBF144-9A7D-4698-9FB7-89758AB7C0C9}.Debug|x64.Build.0 = Debug|x64
		{D7FBF144-9A7D-4698-9FB7-89758AB7C0C9}.Debug|x86.ActiveCfg = Debug|Win32
		{D7FBF144-9A7D-4698-9FB7-89758AB7C0C9}.Debug|x86.Build.0 = Debug|Win32
		{D7FBF144-9A7D-4698-9FB7-89758AB7C0C9}.Release|x64.ActiveCfg = Release|x64
		{D7FBF144-9A7D-4698-9FB7-89758AB7C0C9}.Release|x64.Build.0 = Release|x64
		{D7FBF144-9A7D-4698-9FB7-89758AB7C0C9}.Release|x86.ActiveCfg = Release|Win32
		{D7FBF144-9A7D-4698-9FB7-89758AB7C0C9}.Release|x86.Build.0 = Release|Win32
		{A9DE427A-415C-478F-A3B2-D008CBA6A490}.Debug|x64.ActiveCfg = Debug|x64
		{A9DE427A-415C-478F-A3B2-D008CBA6A490}.Debug|x64.Build.0 = Debug|x64
		{A9DE427A-415C-478F-A3B2-D008CBA6A490}.Debug|x86.ActiveCfg = Debug|Win32
		{A9DE427A-415C-478F-A3B2-D008CBA6A490}.Debug|x86.Build.0 = Debug|Win32
		{A9DE427A-415C-478F-A3B2-D008CBA6A490}.Release|x64.ActiveCfg = Release|x64
		{A9DE427A-415C-478F-A3B2-D008CBA6A490}.Release|x64.Build.0 = Release|x64
		{A9DE427A-415C-478F-A3B2-D008CBA6A490}.Release|x86.ActiveCfg = Release|Win32
		{A9DE427A-415C-478F-A3B2-D008CBA6A490}.Release|x86.Build.0 = Release|Win32
		{6AF56941-A001-4FA8-810D-588CCB542AFA}.Debug|x64.ActiveCfg = Debug|x64
		{6AF56941-A001-4FA8-810D-588CCB542AFA}.Debug|x64.Build.0 = Debug|x64
		{6AF56941-A001-4FA8-810D-588CCB542AFA}.Debug|x86.ActiveCfg = Debug|Win32
		{6AF56941-A001-4FA8-810D-588CCB542AFA}.Debug|x86.Build.0 = Debug|Win32
		{6AF56941-A001-4FA8-810D-588CCB542AFA}.Release|x64.ActiveCfg = Release|x64
		{6AF56941-A001-4FA8-810D-588CCB542AFA}.Release|x64.Build.0 = Release|x64
		{6AF56941-A001-4FA8-810D-588CCB542AFA}.Release|x86.ActiveCfg = Release|Win32
		{6AF56941-A001-4FA8-810D-588CCB542AFA}.Release|x86.Build.0 = Release|Win32
		{DC1A14E7-D278-429D-ACE9-980EF2693C7F}.Debug|x64.ActiveCfg = Debug|x64
		{DC1A14E7-D278-429D-ACE9-980EF2693C7F}.Debug|x64.Build.0 = Debug|x64
		{DC1A14E7-D278-429D-ACE9-980EF2693C7F}.Debug|x86.ActiveCfg = Debug|Win32
		{DC1A14E7-D278-429D-ACE9-980EF2693C7F}.Debug|x86.Build.0 = Debug|Win32
		{DC1A14E7-D278-429D-ACE9-980EF2693C7F}.Release|x64.ActiveCfg = Release|x64
		{DC1A14E7-D278-429D-ACE9-980EF2693C7F}.Release|x64.Build.0 = Release|x64
		{DC1A14E7-D278-429D-ACE9-980EF2693C7F}.Release|x86.ActiveCfg = Release|Win32
		{DC1A14E7-D278-429D-ACE9-980EF2693C7F}.Release|x86.Build.0 = Release|Win32
		{69EFAB18-193F-4AD0-8900-ACD844CAADC9}.Debug|x64.ActiveCfg = Debug|x64
		{69EFAB18-193F-4AD0-8900-ACD844CAADC9}.Debug|x64.Build.0 = Debug|x64
		{69EFAB18-193F-4AD0-8900-ACD844CAADC9}.Debug|x86.ActiveCfg = Debug|Win32
		{69EFAB18-193F-4AD0-8900-ACD844CAADC9}.Debug|x86.Build.0 = Debug|Win32
		{69EFAB18-193F-4AD0-8900-ACD844CAADC9}.Release|x64.ActiveCfg = Release|x64
		{69EFAB18-193F-4AD0-8900-ACD844CAADC9}.Release|x64.Build.0 = Release|x64
		{69EFAB18-193F-4AD0-8900-ACD844CAADC9}.Release|x86.ActiveCfg = Release|Win32
		{69EFAB18-193F-4AD0-8900-ACD844CAADC9}.Release|x86.Build.0 = Release|Win32
		{90D50019-EC0A-4556-9F4D-D22F00FE77D3}.Debug|x64.ActiveCfg = Debug|x64
		{90D50019-EC0A-4556-9F4D-D22F00FE77D3}.Debug|x64.Build.0 = Debug|x64
		{90D50019-EC0A-4556-9F4D-D22F00FE77D3}.Debug|x86.ActiveCfg = Debug|Win32
		{90D50019-EC0A-4556-9F4D-D22F00FE77D3}.Debug|x86.Build.0 = Debug|Win32
		{90D50019-EC0A-4556-9F4D-D22F00FE77D3}.Release|x64.ActiveCfg = Release|x64
		{90D50019-EC0A-4556-9F4D-D22F00FE77D3}.Release|x64.Build.0 = Release|x64
		{90D50019-EC0A-4556-9F4D-D22F00FE77D3}.Release|x86.ActiveCfg = Release|Win32
		{90D50019-EC0A-4556-9F4D-D22F00FE77D3}.Release|x86.Build.0 = Release|Win32
		{D71593C0-7093-4F06-A6F1-EB4602C098BE}.Debug|x64.ActiveCfg = Debug|x64
		{D71593C0-7093-4F06-A6F1-EB4602C098BE}.Debug|x64.Build.0 = Debug|x64
		{D71593C0-7093-4F06-A6F1-EB4602C098BE}.Debug|x86.ActiveCfg = Debug|Win32
		{D71593C0-7093-4F06-A6F1-EB4602C098BE}.Debug|x86.Build.0 = Debug|Win32
		{D71593C0-7093-4F06-A6F1-EB4602C098BE}.Release|x64.ActiveCfg = Release|x64
		{D71593C0-7093-4F06-A6F1-EB4602C098BE}.Release|x64.Build.0 = Release|x64
		{D71593C0-7093-4F06-A6F1-EB4602C098BE}.Release|x86.ActiveCfg = Release|Win32
		{D71593C0-7093-4F06-A6F1-EB4602C098BE}.Release|x86.Build.0 = Release|Win32
	EndGlobalSection
	GlobalSection(SolutionProperties) = preSolution
		HideSolutionNode = FALSE
	EndGlobalSection
	GlobalSection(ExtensibilityGlobals) = postSolution
		SolutionGuid = {D02AA537-3D46-4B9A-BEDA-843A91E94E6A}
	EndGlobalSection
EndGlobal
